<?xml version="1.0" encoding="utf-8"?>
<Project ToolsVersion="4.0" xmlns="http://schemas.microsoft.com/developer/msbuild/2003">
  <ItemGroup>
    <FxCompile Include="shaders\Miss.hlsl">
      <Filter>Shaders</Filter>
    </FxCompile>
    <FxCompile Include="shaders\RayGen.hlsl">
      <Filter>Shaders</Filter>
    </FxCompile>
    <FxCompile Include="shaders\Common.hlsl">
      <Filter>Shaders</Filter>
    </FxCompile>
    <FxCompile Include="shaders\ClosestHit.hlsl">
      <Filter>Shaders</Filter>
    </FxCompile>
  </ItemGroup>
  <ItemGroup>
    <ClCompile Include="src\Graphics.cpp">
      <Filter>Source</Filter>
    </ClCompile>
    <ClCompile Include="src\main.cpp">
      <Filter>Source</Filter>
    </ClCompile>
    <ClCompile Include="src\Utils.cpp">
      <Filter>Source</Filter>
    </ClCompile>
    <ClCompile Include="src\Window.cpp">
      <Filter>Source</Filter>
    </ClCompile>
  </ItemGroup>
  <ItemGroup>
    <ClInclude Include="include\thirdparty\stb_image.h">
      <Filter>Include\thirdparty</Filter>
    </ClInclude>
    <ClInclude Include="include\thirdparty\tiny_obj_loader.h">
      <Filter>Include\thirdparty</Filter>
    </ClInclude>
    <ClInclude Include="include\thirdparty\dxc\dxcapi.h">
      <Filter>Include\thirdparty\dxc</Filter>
    </ClInclude>
    <ClInclude Include="include\thirdparty\dxc\dxcapi.use.h">
      <Filter>Include\thirdparty\dxc</Filter>
    </ClInclude>
    <ClInclude Include="include\Common.h">
      <Filter>Include</Filter>
    </ClInclude>
    <ClInclude Include="include\Graphics.h">
      <Filter>Include</Filter>
    </ClInclude>
    <ClInclude Include="include\Structures.h">
      <Filter>Include</Filter>
    </ClInclude>
    <ClInclude Include="include\Utils.h">
      <Filter>Include</Filter>
    </ClInclude>
    <ClInclude Include="include\Window.h">
      <Filter>Include</Filter>
    </ClInclude>
  </ItemGroup>
  <ItemGroup>
    <None Include="README.md" />
  </ItemGroup>
  <ItemGroup>
    <Text Include="LICENSES.txt" />
  </ItemGroup>
  <ItemGroup>
    <Filter Include="Shaders">
      <UniqueIdentifier>{96057bfc-de2e-4f22-a66f-d9f6ffea229a}</UniqueIdentifier>
    </Filter>
    <Filter Include="Include">
      <UniqueIdentifier>{c45d070d-bd3e-4890-b366-40f1d81f03f4}</UniqueIdentifier>
    </Filter>
    <Filter Include="Include\thirdparty">
      <UniqueIdentifier>{b9eef022-590d-4a07-916b-c2049cb54fb4}</UniqueIdentifier>
    </Filter>
    <Filter Include="Include\thirdparty\dxc">
      <UniqueIdentifier>{30aa1073-3564-4b24-806e-5ab56de657e3}</UniqueIdentifier>
    </Filter>
    <Filter Include="Source">
      <UniqueIdentifier>{694e943b-869c-4ce7-822b-d75dd33f1a8d}</UniqueIdentifier>
    </Filter>
  </ItemGroup>
</Project>