<?xml version="1.0" encoding="utf-8"?>
<Project ToolsVersion="4.0" xmlns="http://schemas.microsoft.com/developer/msbuild/2003">
  <ItemGroup>
    <ClCompile Include="Passes\AmbientOcclusionPass.cpp">
      <Filter>Passes</Filter>
    </ClCompile>
    <ClCompile Include="Passes\FinalStagePass.cpp">
      <Filter>Passes</Filter>
    </ClCompile>
    <ClCompile Include="Passes\ReflectionPass.cpp">
      <Filter>Passes</Filter>
    </ClCompile>
    <ClCompile Include="Passes\ShadowPass.cpp">
      <Filter>Passes</Filter>
    </ClCompile>
    <ClCompile Include="Passes\DirectLightingPass.cpp">
      <Filter>Passes</Filter>
    </ClCompile>
    <ClCompile Include="..\SharedUtils\FullscreenLaunch.cpp">
      <Filter>SharedUtils</Filter>
    </ClCompile>
    <ClCompile Include="..\SharedUtils\RasterLaunch.cpp">
      <Filter>SharedUtils</Filter>
    </ClCompile>
    <ClCompile Include="..\SharedUtils\RayLaunch.cpp">
      <Filter>SharedUtils</Filter>
    </ClCompile>
    <ClCompile Include="..\SharedUtils\RenderingPipeline.cpp">
      <Filter>SharedUtils</Filter>
    </ClCompile>
    <ClCompile Include="..\SharedUtils\RenderPass.cpp">
      <Filter>SharedUtils</Filter>
    </ClCompile>
    <ClCompile Include="..\SharedUtils\ResourceManager.cpp">
      <Filter>SharedUtils</Filter>
    </ClCompile>
    <ClCompile Include="..\SharedUtils\SceneLoaderWrapper.cpp">
      <Filter>SharedUtils</Filter>
    </ClCompile>
    <ClCompile Include="HybridRendering.cpp" />
    <ClCompile Include="..\SharedUtils\SimpleVars.cpp">
      <Filter>SharedUtils</Filter>
    </ClCompile>
    <ClCompile Include="..\CommonPasses\CopyToOutputPass.cpp">
      <Filter>CommonPasses</Filter>
    </ClCompile>
    <ClCompile Include="..\CommonPasses\SimpleGBufferPass.cpp">
      <Filter>CommonPasses</Filter>
    </ClCompile>
    <ClCompile Include="..\CommonPasses\SimpleAccumulationPass.cpp">
      <Filter>CommonPasses</Filter>
    </ClCompile>
  </ItemGroup>
  <ItemGroup>
    <ClInclude Include="Passes\AmbientOcclusionPass.h">
      <Filter>Passes</Filter>
    </ClInclude>
    <ClInclude Include="Passes\FinalStagePass.h">
      <Filter>Passes</Filter>
    </ClInclude>
    <ClInclude Include="Passes\ReflectionPass.h">
      <Filter>Passes</Filter>
    </ClInclude>
    <ClInclude Include="Passes\ShadowPass.h">
      <Filter>Passes</Filter>
    </ClInclude>
    <ClInclude Include="Passes\DirectLightingPass.h">
      <Filter>Passes</Filter>
    </ClInclude>
    <ClInclude Include="..\SharedUtils\FullscreenLaunch.h">
      <Filter>SharedUtils</Filter>
    </ClInclude>
    <ClInclude Include="..\SharedUtils\RasterLaunch.h">
      <Filter>SharedUtils</Filter>
    </ClInclude>
    <ClInclude Include="..\SharedUtils\RayLaunch.h">
      <Filter>SharedUtils</Filter>
    </ClInclude>
    <ClInclude Include="..\SharedUtils\RenderingPipeline.h">
      <Filter>SharedUtils</Filter>
    </ClInclude>
    <ClInclude Include="..\SharedUtils\RenderPass.h">
      <Filter>SharedUtils</Filter>
    </ClInclude>
    <ClInclude Include="..\SharedUtils\ResourceManager.h">
      <Filter>SharedUtils</Filter>
    </ClInclude>
    <ClInclude Include="..\SharedUtils\SceneLoaderWrapper.h">
      <Filter>SharedUtils</Filter>
    </ClInclude>
    <ClInclude Include="..\SharedUtils\SimpleVars.h">
      <Filter>SharedUtils</Filter>
    </ClInclude>
    <ClInclude Include="..\CommonPasses\CopyToOutputPass.h">
      <Filter>CommonPasses</Filter>
    </ClInclude>
    <ClInclude Include="..\CommonPasses\SimpleGBufferPass.h">
      <Filter>CommonPasses</Filter>
    </ClInclude>
    <ClInclude Include="..\CommonPasses\SimpleAccumulationPass.h">
      <Filter>CommonPasses</Filter>
    </ClInclude>
  </ItemGroup>
  <ItemGroup>
    <None Include="Data\aoCommonUtils.hlsli">
      <Filter>Shaders</Filter>
    </None>
    <None Include="Data\aoTracing.rt.hlsl">
      <Filter>Shaders</Filter>
    </None>
    <None Include="Data\finalStage.ps.hlsl">
      <Filter>Shaders</Filter>
    </None>
    <None Include="Data\lambert.ps.hlsl">
      <Filter>Shaders</Filter>
    </None>
    <None Include="Data\shadowPass.rt.hlsl">
      <Filter>Shaders</Filter>
    </None>
    <None Include="Data\shadowsUtils.hlsli">
      <Filter>Shaders</Filter>
    </None>
    <None Include="Data\reflection.hlsl">
      <Filter>Shaders</Filter>
    </None>
  </ItemGroup>
  <ItemGroup>
    <Filter Include="Passes">
      <UniqueIdentifier>{31582168-d68f-4af4-ae71-9dbba6088782}</UniqueIdentifier>
    </Filter>
    <Filter Include="Shaders">
      <UniqueIdentifier>{9597cdb1-33d0-46cd-b037-190b70ec3666}</UniqueIdentifier>
    </Filter>
    <Filter Include="SharedUtils">
      <UniqueIdentifier>{c4a13194-ab3d-44a9-8dbd-e9232cfca76a}</UniqueIdentifier>
    </Filter>
    <Filter Include="CommonPasses">
      <UniqueIdentifier>{8a822d0c-97ca-492f-b7b9-77121a99996c}</UniqueIdentifier>
    </Filter>
  </ItemGroup>
</Project>